// !$*UTF8*$!
{
	archiveVersion = 1;
	classes = {
	};
	objectVersion = 50;
	objects = {

/* Begin PBXBuildFile section */
		DA72D51D23DCF806002F4A64 /* AppDelegate.swift in Sources */ = {isa = PBXBuildFile; fileRef = DA72D51C23DCF806002F4A64 /* AppDelegate.swift */; };
		DA72D51F23DCF806002F4A64 /* SceneDelegate.swift in Sources */ = {isa = PBXBuildFile; fileRef = DA72D51E23DCF806002F4A64 /* SceneDelegate.swift */; };
		DA72D52123DCF806002F4A64 /* ViewController.swift in Sources */ = {isa = PBXBuildFile; fileRef = DA72D52023DCF806002F4A64 /* ViewController.swift */; };
		DA72D52423DCF806002F4A64 /* Main.storyboard in Resources */ = {isa = PBXBuildFile; fileRef = DA72D52223DCF806002F4A64 /* Main.storyboard */; };
		DA72D52623DCF809002F4A64 /* Assets.xcassets in Resources */ = {isa = PBXBuildFile; fileRef = DA72D52523DCF809002F4A64 /* Assets.xcassets */; };
		DA72D52923DCF809002F4A64 /* LaunchScreen.storyboard in Resources */ = {isa = PBXBuildFile; fileRef = DA72D52723DCF809002F4A64 /* LaunchScreen.storyboard */; };
/* End PBXBuildFile section */

/* Begin PBXContainerItemProxy section */
		DA72D53023DCF809002F4A64 /* PBXContainerItemProxy */ = {
			isa = PBXContainerItemProxy;
			containerPortal = DA72D51123DCF806002F4A64 /* Project object */;
			proxyType = 1;
			remoteGlobalIDString = DA72D51823DCF806002F4A64;
			remoteInfo = DrinkWater;
		};
		DA72D53B23DCF809002F4A64 /* PBXContainerItemProxy */ = {
			isa = PBXContainerItemProxy;
			containerPortal = DA72D51123DCF806002F4A64 /* Project object */;
			proxyType = 1;
			remoteGlobalIDString = DA72D51823DCF806002F4A64;
			remoteInfo = DrinkWater;
		};
/* End PBXContainerItemProxy section */

/* Begin PBXFileReference section */
		DA72D51923DCF806002F4A64 /* DrinkWater.app */ = {isa = PBXFileReference; explicitFileType = wrapper.application; includeInIndex = 0; path = DrinkWater.app; sourceTree = BUILT_PRODUCTS_DIR; };
		DA72D51C23DCF806002F4A64 /* AppDelegate.swift */ = {isa = PBXFileReference; lastKnownFileType = sourcecode.swift; path = AppDelegate.swift; sourceTree = "<group>"; };
		DA72D51E23DCF806002F4A64 /* SceneDelegate.swift */ = {isa = PBXFileReference; lastKnownFileType = sourcecode.swift; path = SceneDelegate.swift; sourceTree = "<group>"; };
		DA72D52023DCF806002F4A64 /* ViewController.swift */ = {isa = PBXFileReference; lastKnownFileType = sourcecode.swift; path = ViewController.swift; sourceTree = "<group>"; };
		DA72D52323DCF806002F4A64 /* Base */ = {isa = PBXFileReference; lastKnownFileType = file.storyboard; name = Base; path = Base.lproj/Main.storyboard; sourceTree = "<group>"; };
		DA72D52523DCF809002F4A64 /* Assets.xcassets */ = {isa = PBXFileReference; lastKnownFileType = folder.assetcatalog; path = Assets.xcassets; sourceTree = "<group>"; };
		DA72D52823DCF809002F4A64 /* Base */ = {isa = PBXFileReference; lastKnownFileType = file.storyboard; name = Base; path = Base.lproj/LaunchScreen.storyboard; sourceTree = "<group>"; };
		DA72D52A23DCF809002F4A64 /* Info.plist */ = {isa = PBXFileReference; lastKnownFileType = text.plist.xml; path = Info.plist; sourceTree = "<group>"; };
		DA72D52F23DCF809002F4A64 /* DrinkWaterTests.xctest */ = {isa = PBXFileReference; explicitFileType = wrapper.cfbundle; includeInIndex = 0; path = DrinkWaterTests.xctest; sourceTree = BUILT_PRODUCTS_DIR; };
		DA72D53A23DCF809002F4A64 /* DrinkWaterUITests.xctest */ = {isa = PBXFileReference; explicitFileType = wrapper.cfbundle; includeInIndex = 0; path = DrinkWaterUITests.xctest; sourceTree = BUILT_PRODUCTS_DIR; };
/* End PBXFileReference section */

/* Begin PBXFrameworksBuildPhase section */
		DA72D51623DCF806002F4A64 /* Frameworks */ = {
			isa = PBXFrameworksBuildPhase;
			buildActionMask = 2147483647;
			files = (
			);
			runOnlyForDeploymentPostprocessing = 0;
		};
		DA72D52C23DCF809002F4A64 /* Frameworks */ = {
			isa = PBXFrameworksBuildPhase;
			buildActionMask = 2147483647;
			files = (
			);
			runOnlyForDeploymentPostprocessing = 0;
		};
		DA72D53723DCF809002F4A64 /* Frameworks */ = {
			isa = PBXFrameworksBuildPhase;
			buildActionMask = 2147483647;
			files = (
			);
			runOnlyForDeploymentPostprocessing = 0;
		};
/* End PBXFrameworksBuildPhase section */

/* Begin PBXGroup section */
		DA72D51023DCF806002F4A64 = {
			isa = PBXGroup;
			children = (
				DA72D51B23DCF806002F4A64 /* DrinkWater */,
				DA72D51A23DCF806002F4A64 /* Products */,
			);
			sourceTree = "<group>";
		};
		DA72D51A23DCF806002F4A64 /* Products */ = {
			isa = PBXGroup;
			children = (
				DA72D51923DCF806002F4A64 /* DrinkWater.app */,
				DA72D52F23DCF809002F4A64 /* DrinkWaterTests.xctest */,
				DA72D53A23DCF809002F4A64 /* DrinkWaterUITests.xctest */,
			);
			name = Products;
			sourceTree = "<group>";
		};
		DA72D51B23DCF806002F4A64 /* DrinkWater */ = {
			isa = PBXGroup;
			children = (
				DA72D51C23DCF806002F4A64 /* AppDelegate.swift */,
				DA72D51E23DCF806002F4A64 /* SceneDelegate.swift */,
				DA72D52023DCF806002F4A64 /* ViewController.swift */,
				DA72D52223DCF806002F4A64 /* Main.storyboard */,
				DA72D52523DCF809002F4A64 /* Assets.xcassets */,
				DA72D52723DCF809002F4A64 /* LaunchScreen.storyboard */,
				DA72D52A23DCF809002F4A64 /* Info.plist */,
			);
			path = DrinkWater;
			sourceTree = "<group>";
		};
/* End PBXGroup section */

/* Begin PBXNativeTarget section */
		DA72D51823DCF806002F4A64 /* DrinkWater */ = {
			isa = PBXNativeTarget;
			buildConfigurationList = DA72D54323DCF809002F4A64 /* Build configuration list for PBXNativeTarget "DrinkWater" */;
			buildPhases = (
				DA72D51523DCF806002F4A64 /* Sources */,
				DA72D51623DCF806002F4A64 /* Frameworks */,
				DA72D51723DCF806002F4A64 /* Resources */,
			);
			buildRules = (
			);
			dependencies = (
			);
			name = DrinkWater;
			productName = DrinkWater;
			productReference = DA72D51923DCF806002F4A64 /* DrinkWater.app */;
			productType = "com.apple.product-type.application";
		};
		DA72D52E23DCF809002F4A64 /* DrinkWaterTests */ = {
			isa = PBXNativeTarget;
			buildConfigurationList = DA72D54623DCF809002F4A64 /* Build configuration list for PBXNativeTarget "DrinkWaterTests" */;
			buildPhases = (
				DA72D52B23DCF809002F4A64 /* Sources */,
				DA72D52C23DCF809002F4A64 /* Frameworks */,
				DA72D52D23DCF809002F4A64 /* Resources */,
			);
			buildRules = (
			);
			dependencies = (
				DA72D53123DCF809002F4A64 /* PBXTargetDependency */,
			);
			name = DrinkWaterTests;
			productName = DrinkWaterTests;
			productReference = DA72D52F23DCF809002F4A64 /* DrinkWaterTests.xctest */;
			productType = "com.apple.product-type.bundle.unit-test";
		};
		DA72D53923DCF809002F4A64 /* DrinkWaterUITests */ = {
			isa = PBXNativeTarget;
			buildConfigurationList = DA72D54923DCF809002F4A64 /* Build configuration list for PBXNativeTarget "DrinkWaterUITests" */;
			buildPhases = (
				DA72D53623DCF809002F4A64 /* Sources */,
				DA72D53723DCF809002F4A64 /* Frameworks */,
				DA72D53823DCF809002F4A64 /* Resources */,
			);
			buildRules = (
			);
			dependencies = (
				DA72D53C23DCF809002F4A64 /* PBXTargetDependency */,
			);
			name = DrinkWaterUITests;
			productName = DrinkWaterUITests;
			productReference = DA72D53A23DCF809002F4A64 /* DrinkWaterUITests.xctest */;
			productType = "com.apple.product-type.bundle.ui-testing";
		};
/* End PBXNativeTarget section */

/* Begin PBXProject section */
		DA72D51123DCF806002F4A64 /* Project object */ = {
			isa = PBXProject;
			attributes = {
				LastSwiftUpdateCheck = 1130;
				LastUpgradeCheck = 1130;
				ORGANIZATIONNAME = "Radu Albastroiu";
				TargetAttributes = {
					DA72D51823DCF806002F4A64 = {
						CreatedOnToolsVersion = 11.3.1;
					};
					DA72D52E23DCF809002F4A64 = {
						CreatedOnToolsVersion = 11.3.1;
						TestTargetID = DA72D51823DCF806002F4A64;
					};
					DA72D53923DCF809002F4A64 = {
						CreatedOnToolsVersion = 11.3.1;
						TestTargetID = DA72D51823DCF806002F4A64;
					};
				};
			};
			buildConfigurationList = DA72D51423DCF806002F4A64 /* Build configuration list for PBXProject "DrinkWater" */;
			compatibilityVersion = "Xcode 9.3";
			developmentRegion = en;
			hasScannedForEncodings = 0;
			knownRegions = (
				en,
				Base,
			);
			mainGroup = DA72D51023DCF806002F4A64;
			productRefGroup = DA72D51A23DCF806002F4A64 /* Products */;
			projectDirPath = "";
			projectRoot = "";
			targets = (
				DA72D51823DCF806002F4A64 /* DrinkWater */,
				DA72D52E23DCF809002F4A64 /* DrinkWaterTests */,
				DA72D53923DCF809002F4A64 /* DrinkWaterUITests */,
			);
		};
/* End PBXProject section */

/* Begin PBXResourcesBuildPhase section */
		DA72D51723DCF806002F4A64 /* Resources */ = {
			isa = PBXResourcesBuildPhase;
			buildActionMask = 2147483647;
			files = (
				DA72D52923DCF809002F4A64 /* LaunchScreen.storyboard in Resources */,
				DA72D52623DCF809002F4A64 /* Assets.xcassets in Resources */,
				DA72D52423DCF806002F4A64 /* Main.storyboard in Resources */,
			);
			runOnlyForDeploymentPostprocessing = 0;
		};
		DA72D52D23DCF809002F4A64 /* Resources */ = {
			isa = PBXResourcesBuildPhase;
			buildActionMask = 2147483647;
			files = (
			);
			runOnlyForDeploymentPostprocessing = 0;
		};
		DA72D53823DCF809002F4A64 /* Resources */ = {
			isa = PBXResourcesBuildPhase;
			buildActionMask = 2147483647;
			files = (
			);
			runOnlyForDeploymentPostprocessing = 0;
		};
/* End PBXResourcesBuildPhase section */

/* Begin PBXSourcesBuildPhase section */
		DA72D51523DCF806002F4A64 /* Sources */ = {
			isa = PBXSourcesBuildPhase;
			buildActionMask = 2147483647;
			files = (
				DA72D52123DCF806002F4A64 /* ViewController.swift in Sources */,
				DA72D51D23DCF806002F4A64 /* AppDelegate.swift in Sources */,
				DA72D51F23DCF806002F4A64 /* SceneDelegate.swift in Sources */,
			);
			runOnlyForDeploymentPostprocessing = 0;
		};
		DA72D52B23DCF809002F4A64 /* Sources */ = {
			isa = PBXSourcesBuildPhase;
			buildActionMask = 2147483647;
			files = (
			);
			runOnlyForDeploymentPostprocessing = 0;
		};
		DA72D53623DCF809002F4A64 /* Sources */ = {
			isa = PBXSourcesBuildPhase;
			buildActionMask = 2147483647;
			files = (
			);
			runOnlyForDeploymentPostprocessing = 0;
		};
/* End PBXSourcesBuildPhase section */

/* Begin PBXTargetDependency section */
		DA72D53123DCF809002F4A64 /* PBXTargetDependency */ = {
			isa = PBXTargetDependency;
			target = DA72D51823DCF806002F4A64 /* DrinkWater */;
			targetProxy = DA72D53023DCF809002F4A64 /* PBXContainerItemProxy */;
		};
		DA72D53C23DCF809002F4A64 /* PBXTargetDependency */ = {
			isa = PBXTargetDependency;
			target = DA72D51823DCF806002F4A64 /* DrinkWater */;
			targetProxy = DA72D53B23DCF809002F4A64 /* PBXContainerItemProxy */;
		};
/* End PBXTargetDependency section */

/* Begin PBXVariantGroup section */
		DA72D52223DCF806002F4A64 /* Main.storyboard */ = {
			isa = PBXVariantGroup;
			children = (
				DA72D52323DCF806002F4A64 /* Base */,
			);
			name = Main.storyboard;
			sourceTree = "<group>";
		};
		DA72D52723DCF809002F4A64 /* LaunchScreen.storyboard */ = {
			isa = PBXVariantGroup;
			children = (
				DA72D52823DCF809002F4A64 /* Base */,
			);
			name = LaunchScreen.storyboard;
			sourceTree = "<group>";
		};
/* End PBXVariantGroup section */

/* Begin XCBuildConfiguration section */
		DA72D54123DCF809002F4A64 /* Debug */ = {
			isa = XCBuildConfiguration;
			buildSettings = {
				ALWAYS_SEARCH_USER_PATHS = NO;
				CLANG_ANALYZER_NONNULL = YES;
				CLANG_ANALYZER_NUMBER_OBJECT_CONVERSION = YES_AGGRESSIVE;
				CLANG_CXX_LANGUAGE_STANDARD = "gnu++14";
				CLANG_CXX_LIBRARY = "libc++";
				CLANG_ENABLE_MODULES = YES;
				CLANG_ENABLE_OBJC_ARC = YES;
				CLANG_ENABLE_OBJC_WEAK = YES;
				CLANG_WARN_BLOCK_CAPTURE_AUTORELEASING = YES;
				CLANG_WARN_BOOL_CONVERSION = YES;
				CLANG_WARN_COMMA = YES;
				CLANG_WARN_CONSTANT_CONVERSION = YES;
				CLANG_WARN_DEPRECATED_OBJC_IMPLEMENTATIONS = YES;
				CLANG_WARN_DIRECT_OBJC_ISA_USAGE = YES_ERROR;
				CLANG_WARN_DOCUMENTATION_COMMENTS = YES;
				CLANG_WARN_EMPTY_BODY = YES;
				CLANG_WARN_ENUM_CONVERSION = YES;
				CLANG_WARN_INFINITE_RECURSION = YES;
				CLANG_WARN_INT_CONVERSION = YES;
				CLANG_WARN_NON_LITERAL_NULL_CONVERSION = YES;
				CLANG_WARN_OBJC_IMPLICIT_RETAIN_SELF = YES;
				CLANG_WARN_OBJC_LITERAL_CONVERSION = YES;
				CLANG_WARN_OBJC_ROOT_CLASS = YES_ERROR;
				CLANG_WARN_RANGE_LOOP_ANALYSIS = YES;
				CLANG_WARN_STRICT_PROTOTYPES = YES;
				CLANG_WARN_SUSPICIOUS_MOVE = YES;
				CLANG_WARN_UNGUARDED_AVAILABILITY = YES_AGGRESSIVE;
				CLANG_WARN_UNREACHABLE_CODE = YES;
				CLANG_WARN__DUPLICATE_METHOD_MATCH = YES;
				COPY_PHASE_STRIP = NO;
				DEBUG_INFORMATION_FORMAT = dwarf;
				ENABLE_STRICT_OBJC_MSGSEND = YES;
				ENABLE_TESTABILITY = YES;
				GCC_C_LANGUAGE_STANDARD = gnu11;
				GCC_DYNAMIC_NO_PIC = NO;
				GCC_NO_COMMON_BLOCKS = YES;
				GCC_OPTIMIZATION_LEVEL = 0;
				GCC_PREPROCESSOR_DEFINITIONS = (
					"DEBUG=1",
					"$(inherited)",
				);
				GCC_WARN_64_TO_32_BIT_CONVERSION = YES;
				GCC_WARN_ABOUT_RETURN_TYPE = YES_ERROR;
				GCC_WARN_UNDECLARED_SELECTOR = YES;
				GCC_WARN_UNINITIALIZED_AUTOS = YES_AGGRESSIVE;
				GCC_WARN_UNUSED_FUNCTION = YES;
				GCC_WARN_UNUSED_VARIABLE = YES;
				IPHONEOS_DEPLOYMENT_TARGET = 13.2;
				MTL_ENABLE_DEBUG_INFO = INCLUDE_SOURCE;
				MTL_FAST_MATH = YES;
				ONLY_ACTIVE_ARCH = YES;
				SDKROOT = iphoneos;
				SWIFT_ACTIVE_COMPILATION_CONDITIONS = DEBUG;
				SWIFT_OPTIMIZATION_LEVEL = "-Onone";
			};
			name = Debug;
		};
		DA72D54223DCF809002F4A64 /* Release */ = {
			isa = XCBuildConfiguration;
			buildSettings = {
				ALWAYS_SEARCH_USER_PATHS = NO;
				CLANG_ANALYZER_NONNULL = YES;
				CLANG_ANALYZER_NUMBER_OBJECT_CONVERSION = YES_AGGRESSIVE;
				CLANG_CXX_LANGUAGE_STANDARD = "gnu++14";
				CLANG_CXX_LIBRARY = "libc++";
				CLANG_ENABLE_MODULES = YES;
				CLANG_ENABLE_OBJC_ARC = YES;
				CLANG_ENABLE_OBJC_WEAK = YES;
				CLANG_WARN_BLOCK_CAPTURE_AUTORELEASING = YES;
				CLANG_WARN_BOOL_CONVERSION = YES;
				CLANG_WARN_COMMA = YES;
				CLANG_WARN_CONSTANT_CONVERSION = YES;
				CLANG_WARN_DEPRECATED_OBJC_IMPLEMENTATIONS = YES;
				CLANG_WARN_DIRECT_OBJC_ISA_USAGE = YES_ERROR;
				CLANG_WARN_DOCUMENTATION_COMMENTS = YES;
				CLANG_WARN_EMPTY_BODY = YES;
				CLANG_WARN_ENUM_CONVERSION = YES;
				CLANG_WARN_INFINITE_RECURSION = YES;
				CLANG_WARN_INT_CONVERSION = YES;
				CLANG_WARN_NON_LITERAL_NULL_CONVERSION = YES;
				CLANG_WARN_OBJC_IMPLICIT_RETAIN_SELF = YES;
				CLANG_WARN_OBJC_LITERAL_CONVERSION = YES;
				CLANG_WARN_OBJC_ROOT_CLASS = YES_ERROR;
				CLANG_WARN_RANGE_LOOP_ANALYSIS = YES;
				CLANG_WARN_STRICT_PROTOTYPES = YES;
				CLANG_WARN_SUSPICIOUS_MOVE = YES;
				CLANG_WARN_UNGUARDED_AVAILABILITY = YES_AGGRESSIVE;
				CLANG_WARN_UNREACHABLE_CODE = YES;
				CLANG_WARN__DUPLICATE_METHOD_MATCH = YES;
				COPY_PHASE_STRIP = NO;
				DEBUG_INFORMATION_FORMAT = "dwarf-with-dsym";
				ENABLE_NS_ASSERTIONS = NO;
				ENABLE_STRICT_OBJC_MSGSEND = YES;
				GCC_C_LANGUAGE_STANDARD = gnu11;
				GCC_NO_COMMON_BLOCKS = YES;
				GCC_WARN_64_TO_32_BIT_CONVERSION = YES;
				GCC_WARN_ABOUT_RETURN_TYPE = YES_ERROR;
				GCC_WARN_UNDECLARED_SELECTOR = YES;
				GCC_WARN_UNINITIALIZED_AUTOS = YES_AGGRESSIVE;
				GCC_WARN_UNUSED_FUNCTION = YES;
				GCC_WARN_UNUSED_VARIABLE = YES;
				IPHONEOS_DEPLOYMENT_TARGET = 13.2;
				MTL_ENABLE_DEBUG_INFO = NO;
				MTL_FAST_MATH = YES;
				SDKROOT = iphoneos;
				SWIFT_COMPILATION_MODE = wholemodule;
				SWIFT_OPTIMIZATION_LEVEL = "-O";
				VALIDATE_PRODUCT = YES;
			};
			name = Release;
		};
		DA72D54423DCF809002F4A64 /* Debug */ = {
			isa = XCBuildConfiguration;
			buildSettings = {
				ASSETCATALOG_COMPILER_APPICON_NAME = AppIcon;
				CODE_SIGN_STYLE = Automatic;
				DEVELOPMENT_TEAM = C3AWL2X8CT;
				INFOPLIST_FILE = DrinkWater/Info.plist;
				LD_RUNPATH_SEARCH_PATHS = (
					"$(inherited)",
					"@executable_path/Frameworks",
				);
				PRODUCT_BUNDLE_IDENTIFIER = com.Ducu.DrinkWater;
				PRODUCT_NAME = "$(TARGET_NAME)";
				SWIFT_VERSION = 5.0;
				TARGETED_DEVICE_FAMILY = "1,2";
			};
			name = Debug;
		};
		DA72D54523DCF809002F4A64 /* Release */ = {
			isa = XCBuildConfiguration;
			buildSettings = {
				ASSETCATALOG_COMPILER_APPICON_NAME = AppIcon;
				CODE_SIGN_STYLE = Automatic;
				DEVELOPMENT_TEAM = C3AWL2X8CT;
				INFOPLIST_FILE = DrinkWater/Info.plist;
				LD_RUNPATH_SEARCH_PATHS = (
					"$(inherited)",
					"@executable_path/Frameworks",
				);
				PRODUCT_BUNDLE_IDENTIFIER = com.Ducu.DrinkWater;
				PRODUCT_NAME = "$(TARGET_NAME)";
				SWIFT_VERSION = 5.0;
				TARGETED_DEVICE_FAMILY = "1,2";
			};
			name = Release;
		};
		DA72D54723DCF809002F4A64 /* Debug */ = {
			isa = XCBuildConfiguration;
			buildSettings = {
				ALWAYS_EMBED_SWIFT_STANDARD_LIBRARIES = YES;
				BUNDLE_LOADER = "$(TEST_HOST)";
				CODE_SIGN_STYLE = Automatic;
				DEVELOPMENT_TEAM = C3AWL2X8CT;
				INFOPLIST_FILE = DrinkWaterTests/Info.plist;
				IPHONEOS_DEPLOYMENT_TARGET = 13.2;
				LD_RUNPATH_SEARCH_PATHS = (
					"$(inherited)",
					"@executable_path/Frameworks",
					"@loader_path/Frameworks",
				);
				PRODUCT_BUNDLE_IDENTIFIER = com.Ducu.DrinkWaterTests;
				PRODUCT_NAME = "$(TARGET_NAME)";
				SWIFT_VERSION = 5.0;
				TARGETED_DEVICE_FAMILY = "1,2";
				TEST_HOST = "$(BUILT_PRODUCTS_DIR)/DrinkWater.app/DrinkWater";
			};
			name = Debug;
		};
		DA72D54823DCF809002F4A64 /* Release */ = {
			isa = XCBuildConfiguration;
			buildSettings = {
				ALWAYS_EMBED_SWIFT_STANDARD_LIBRARIES = YES;
				BUNDLE_LOADER = "$(TEST_HOST)";
				CODE_SIGN_STYLE = Automatic;
				DEVELOPMENT_TEAM = C3AWL2X8CT;
				INFOPLIST_FILE = DrinkWaterTests/Info.plist;
				IPHONEOS_DEPLOYMENT_TARGET = 13.2;
				LD_RUNPATH_SEARCH_PATHS = (
					"$(inherited)",
					"@executable_path/Frameworks",
					"@loader_path/Frameworks",
				);
				PRODUCT_BUNDLE_IDENTIFIER = com.Ducu.DrinkWaterTests;
				PRODUCT_NAME = "$(TARGET_NAME)";
				SWIFT_VERSION = 5.0;
				TARGETED_DEVICE_FAMILY = "1,2";
				TEST_HOST = "$(BUILT_PRODUCTS_DIR)/DrinkWater.app/DrinkWater";
			};
			name = Release;
		};
		DA72D54A23DCF809002F4A64 /* Debug */ = {
			isa = XCBuildConfiguration;
			buildSettings = {
				ALWAYS_EMBED_SWIFT_STANDARD_LIBRARIES = YES;
				CODE_SIGN_STYLE = Automatic;
				DEVELOPMENT_TEAM = C3AWL2X8CT;
				INFOPLIST_FILE = DrinkWaterUITests/Info.plist;
				LD_RUNPATH_SEARCH_PATHS = (
					"$(inherited)",
					"@executable_path/Frameworks",
					"@loader_path/Frameworks",
				);
				PRODUCT_BUNDLE_IDENTIFIER = com.Ducu.DrinkWaterUITests;
				PRODUCT_NAME = "$(TARGET_NAME)";
				SWIFT_VERSION = 5.0;
				TARGETED_DEVICE_FAMILY = "1,2";
				TEST_TARGET_NAME = DrinkWater;
			};
			name = Debug;
		};
		DA72D54B23DCF809002F4A64 /* Release */ = {
			isa = XCBuildConfiguration;
			buildSettings = {
				ALWAYS_EMBED_SWIFT_STANDARD_LIBRARIES = YES;
				CODE_SIGN_STYLE = Automatic;
				DEVELOPMENT_TEAM = C3AWL2X8CT;
				INFOPLIST_FILE = DrinkWaterUITests/Info.plist;
				LD_RUNPATH_SEARCH_PATHS = (
					"$(inherited)",
					"@executable_path/Frameworks",
					"@loader_path/Frameworks",
				);
				PRODUCT_BUNDLE_IDENTIFIER = com.Ducu.DrinkWaterUITests;
				PRODUCT_NAME = "$(TARGET_NAME)";
				SWIFT_VERSION = 5.0;
				TARGETED_DEVICE_FAMILY = "1,2";
				TEST_TARGET_NAME = DrinkWater;
			};
			name = Release;
		};
/* End XCBuildConfiguration section */

/* Begin XCConfigurationList section */
		DA72D51423DCF806002F4A64 /* Build configuration list for PBXProject "DrinkWater" */ = {
			isa = XCConfigurationList;
			buildConfigurations = (
				DA72D54123DCF809002F4A64 /* Debug */,
				DA72D54223DCF809002F4A64 /* Release */,
			);
			defaultConfigurationIsVisible = 0;
			defaultConfigurationName = Release;
		};
		DA72D54323DCF809002F4A64 /* Build configuration list for PBXNativeTarget "DrinkWater" */ = {
			isa = XCConfigurationList;
			buildConfigurations = (
				DA72D54423DCF809002F4A64 /* Debug */,
				DA72D54523DCF809002F4A64 /* Release */,
			);
			defaultConfigurationIsVisible = 0;
			defaultConfigurationName = Release;
		};
		DA72D54623DCF809002F4A64 /* Build configuration list for PBXNativeTarget "DrinkWaterTests" */ = {
			isa = XCConfigurationList;
			buildConfigurations = (
				DA72D54723DCF809002F4A64 /* Debug */,
				DA72D54823DCF809002F4A64 /* Release */,
			);
			defaultConfigurationIsVisible = 0;
			defaultConfigurationName = Release;
		};
		DA72D54923DCF809002F4A64 /* Build configuration list for PBXNativeTarget "DrinkWaterUITests" */ = {
			isa = XCConfigurationList;
			buildConfigurations = (
				DA72D54A23DCF809002F4A64 /* Debug */,
				DA72D54B23DCF809002F4A64 /* Release */,
			);
			defaultConfigurationIsVisible = 0;
			defaultConfigurationName = Release;
		};
/* End XCConfigurationList section */
	};
	rootObject = DA72D51123DCF806002F4A64 /* Project object */;
}
