// !$*UTF8*$!
{
	archiveVersion = 1;
	classes = {
	};
	objectVersion = 50;
	objects = {

/* Begin PBXBuildFile section */
		DAE7B9F323E9CB070049AD37 /* AppDelegate.swift in Sources */ = {isa = PBXBuildFile; fileRef = DAE7B9F223E9CB070049AD37 /* AppDelegate.swift */; };
		DAE7B9F523E9CB070049AD37 /* SceneDelegate.swift in Sources */ = {isa = PBXBuildFile; fileRef = DAE7B9F423E9CB070049AD37 /* SceneDelegate.swift */; };
		DAE7B9F723E9CB070049AD37 /* ContentView.swift in Sources */ = {isa = PBXBuildFile; fileRef = DAE7B9F623E9CB070049AD37 /* ContentView.swift */; };
		DAE7B9F923E9CB090049AD37 /* Assets.xcassets in Resources */ = {isa = PBXBuildFile; fileRef = DAE7B9F823E9CB090049AD37 /* Assets.xcassets */; };
		DAE7B9FC23E9CB090049AD37 /* Preview Assets.xcassets in Resources */ = {isa = PBXBuildFile; fileRef = DAE7B9FB23E9CB090049AD37 /* Preview Assets.xcassets */; };
		DAE7B9FF23E9CB090049AD37 /* LaunchScreen.storyboard in Resources */ = {isa = PBXBuildFile; fileRef = DAE7B9FD23E9CB090049AD37 /* LaunchScreen.storyboard */; };
		DAE7BA0A23E9CB090049AD37 /* DrinkWaterTests.swift in Sources */ = {isa = PBXBuildFile; fileRef = DAE7BA0923E9CB090049AD37 /* DrinkWaterTests.swift */; };
		DAE7BA1523E9CB090049AD37 /* DrinkWaterUITests.swift in Sources */ = {isa = PBXBuildFile; fileRef = DAE7BA1423E9CB090049AD37 /* DrinkWaterUITests.swift */; };
		DAE7BA2523E9F2800049AD37 /* CircleImage.swift in Sources */ = {isa = PBXBuildFile; fileRef = DAE7BA2423E9F2800049AD37 /* CircleImage.swift */; };
/* End PBXBuildFile section */

/* Begin PBXContainerItemProxy section */
		DAE7BA0623E9CB090049AD37 /* PBXContainerItemProxy */ = {
			isa = PBXContainerItemProxy;
			containerPortal = DAE7B9E723E9CB070049AD37 /* Project object */;
			proxyType = 1;
			remoteGlobalIDString = DAE7B9EE23E9CB070049AD37;
			remoteInfo = DrinkWater;
		};
		DAE7BA1123E9CB090049AD37 /* PBXContainerItemProxy */ = {
			isa = PBXContainerItemProxy;
			containerPortal = DAE7B9E723E9CB070049AD37 /* Project object */;
			proxyType = 1;
			remoteGlobalIDString = DAE7B9EE23E9CB070049AD37;
			remoteInfo = DrinkWater;
		};
/* End PBXContainerItemProxy section */

/* Begin PBXFileReference section */
		DAE7B9EF23E9CB070049AD37 /* DrinkWater.app */ = {isa = PBXFileReference; explicitFileType = wrapper.application; includeInIndex = 0; path = DrinkWater.app; sourceTree = BUILT_PRODUCTS_DIR; };
		DAE7B9F223E9CB070049AD37 /* AppDelegate.swift */ = {isa = PBXFileReference; lastKnownFileType = sourcecode.swift; path = AppDelegate.swift; sourceTree = "<group>"; };
		DAE7B9F423E9CB070049AD37 /* SceneDelegate.swift */ = {isa = PBXFileReference; lastKnownFileType = sourcecode.swift; path = SceneDelegate.swift; sourceTree = "<group>"; };
		DAE7B9F623E9CB070049AD37 /* ContentView.swift */ = {isa = PBXFileReference; lastKnownFileType = sourcecode.swift; path = ContentView.swift; sourceTree = "<group>"; };
		DAE7B9F823E9CB090049AD37 /* Assets.xcassets */ = {isa = PBXFileReference; lastKnownFileType = folder.assetcatalog; path = Assets.xcassets; sourceTree = "<group>"; };
		DAE7B9FB23E9CB090049AD37 /* Preview Assets.xcassets */ = {isa = PBXFileReference; lastKnownFileType = folder.assetcatalog; path = "Preview Assets.xcassets"; sourceTree = "<group>"; };
		DAE7B9FE23E9CB090049AD37 /* Base */ = {isa = PBXFileReference; lastKnownFileType = file.storyboard; name = Base; path = Base.lproj/LaunchScreen.storyboard; sourceTree = "<group>"; };
		DAE7BA0023E9CB090049AD37 /* Info.plist */ = {isa = PBXFileReference; lastKnownFileType = text.plist.xml; path = Info.plist; sourceTree = "<group>"; };
		DAE7BA0523E9CB090049AD37 /* DrinkWaterTests.xctest */ = {isa = PBXFileReference; explicitFileType = wrapper.cfbundle; includeInIndex = 0; path = DrinkWaterTests.xctest; sourceTree = BUILT_PRODUCTS_DIR; };
		DAE7BA0923E9CB090049AD37 /* DrinkWaterTests.swift */ = {isa = PBXFileReference; lastKnownFileType = sourcecode.swift; path = DrinkWaterTests.swift; sourceTree = "<group>"; };
		DAE7BA0B23E9CB090049AD37 /* Info.plist */ = {isa = PBXFileReference; lastKnownFileType = text.plist.xml; path = Info.plist; sourceTree = "<group>"; };
		DAE7BA1023E9CB090049AD37 /* DrinkWaterUITests.xctest */ = {isa = PBXFileReference; explicitFileType = wrapper.cfbundle; includeInIndex = 0; path = DrinkWaterUITests.xctest; sourceTree = BUILT_PRODUCTS_DIR; };
		DAE7BA1423E9CB090049AD37 /* DrinkWaterUITests.swift */ = {isa = PBXFileReference; lastKnownFileType = sourcecode.swift; path = DrinkWaterUITests.swift; sourceTree = "<group>"; };
		DAE7BA1623E9CB090049AD37 /* Info.plist */ = {isa = PBXFileReference; lastKnownFileType = text.plist.xml; path = Info.plist; sourceTree = "<group>"; };
		DAE7BA2423E9F2800049AD37 /* CircleImage.swift */ = {isa = PBXFileReference; lastKnownFileType = sourcecode.swift; path = CircleImage.swift; sourceTree = "<group>"; };
/* End PBXFileReference section */

/* Begin PBXFrameworksBuildPhase section */
		DAE7B9EC23E9CB070049AD37 /* Frameworks */ = {
			isa = PBXFrameworksBuildPhase;
			buildActionMask = 2147483647;
			files = (
			);
			runOnlyForDeploymentPostprocessing = 0;
		};
		DAE7BA0223E9CB090049AD37 /* Frameworks */ = {
			isa = PBXFrameworksBuildPhase;
			buildActionMask = 2147483647;
			files = (
			);
			runOnlyForDeploymentPostprocessing = 0;
		};
		DAE7BA0D23E9CB090049AD37 /* Frameworks */ = {
			isa = PBXFrameworksBuildPhase;
			buildActionMask = 2147483647;
			files = (
			);
			runOnlyForDeploymentPostprocessing = 0;
		};
/* End PBXFrameworksBuildPhase section */

/* Begin PBXGroup section */
		DAE7B9E623E9CB070049AD37 = {
			isa = PBXGroup;
			children = (
				DAE7B9F123E9CB070049AD37 /* DrinkWater */,
				DAE7BA0823E9CB090049AD37 /* DrinkWaterTests */,
				DAE7BA1323E9CB090049AD37 /* DrinkWaterUITests */,
				DAE7B9F023E9CB070049AD37 /* Products */,
			);
			sourceTree = "<group>";
		};
		DAE7B9F023E9CB070049AD37 /* Products */ = {
			isa = PBXGroup;
			children = (
				DAE7B9EF23E9CB070049AD37 /* DrinkWater.app */,
				DAE7BA0523E9CB090049AD37 /* DrinkWaterTests.xctest */,
				DAE7BA1023E9CB090049AD37 /* DrinkWaterUITests.xctest */,
			);
			name = Products;
			sourceTree = "<group>";
		};
		DAE7B9F123E9CB070049AD37 /* DrinkWater */ = {
			isa = PBXGroup;
			children = (
				DAE7B9F223E9CB070049AD37 /* AppDelegate.swift */,
				DAE7B9F423E9CB070049AD37 /* SceneDelegate.swift */,
				DAE7B9F623E9CB070049AD37 /* ContentView.swift */,
				DAE7BA2423E9F2800049AD37 /* CircleImage.swift */,
				DAE7B9F823E9CB090049AD37 /* Assets.xcassets */,
				DAE7B9FD23E9CB090049AD37 /* LaunchScreen.storyboard */,
				DAE7BA0023E9CB090049AD37 /* Info.plist */,
				DAE7B9FA23E9CB090049AD37 /* Preview Content */,
			);
			path = DrinkWater;
			sourceTree = "<group>";
		};
		DAE7B9FA23E9CB090049AD37 /* Preview Content */ = {
			isa = PBXGroup;
			children = (
				DAE7B9FB23E9CB090049AD37 /* Preview Assets.xcassets */,
			);
			path = "Preview Content";
			sourceTree = "<group>";
		};
		DAE7BA0823E9CB090049AD37 /* DrinkWaterTests */ = {
			isa = PBXGroup;
			children = (
				DAE7BA0923E9CB090049AD37 /* DrinkWaterTests.swift */,
				DAE7BA0B23E9CB090049AD37 /* Info.plist */,
			);
			path = DrinkWaterTests;
			sourceTree = "<group>";
		};
		DAE7BA1323E9CB090049AD37 /* DrinkWaterUITests */ = {
			isa = PBXGroup;
			children = (
				DAE7BA1423E9CB090049AD37 /* DrinkWaterUITests.swift */,
				DAE7BA1623E9CB090049AD37 /* Info.plist */,
			);
			path = DrinkWaterUITests;
			sourceTree = "<group>";
		};
/* End PBXGroup section */

/* Begin PBXNativeTarget section */
		DAE7B9EE23E9CB070049AD37 /* DrinkWater */ = {
			isa = PBXNativeTarget;
			buildConfigurationList = DAE7BA1923E9CB090049AD37 /* Build configuration list for PBXNativeTarget "DrinkWater" */;
			buildPhases = (
				DAE7B9EB23E9CB070049AD37 /* Sources */,
				DAE7B9EC23E9CB070049AD37 /* Frameworks */,
				DAE7B9ED23E9CB070049AD37 /* Resources */,
			);
			buildRules = (
			);
			dependencies = (
			);
			name = DrinkWater;
			productName = DrinkWater;
			productReference = DAE7B9EF23E9CB070049AD37 /* DrinkWater.app */;
			productType = "com.apple.product-type.application";
		};
		DAE7BA0423E9CB090049AD37 /* DrinkWaterTests */ = {
			isa = PBXNativeTarget;
			buildConfigurationList = DAE7BA1C23E9CB090049AD37 /* Build configuration list for PBXNativeTarget "DrinkWaterTests" */;
			buildPhases = (
				DAE7BA0123E9CB090049AD37 /* Sources */,
				DAE7BA0223E9CB090049AD37 /* Frameworks */,
				DAE7BA0323E9CB090049AD37 /* Resources */,
			);
			buildRules = (
			);
			dependencies = (
				DAE7BA0723E9CB090049AD37 /* PBXTargetDependency */,
			);
			name = DrinkWaterTests;
			productName = DrinkWaterTests;
			productReference = DAE7BA0523E9CB090049AD37 /* DrinkWaterTests.xctest */;
			productType = "com.apple.product-type.bundle.unit-test";
		};
		DAE7BA0F23E9CB090049AD37 /* DrinkWaterUITests */ = {
			isa = PBXNativeTarget;
			buildConfigurationList = DAE7BA1F23E9CB090049AD37 /* Build configuration list for PBXNativeTarget "DrinkWaterUITests" */;
			buildPhases = (
				DAE7BA0C23E9CB090049AD37 /* Sources */,
				DAE7BA0D23E9CB090049AD37 /* Frameworks */,
				DAE7BA0E23E9CB090049AD37 /* Resources */,
			);
			buildRules = (
			);
			dependencies = (
				DAE7BA1223E9CB090049AD37 /* PBXTargetDependency */,
			);
			name = DrinkWaterUITests;
			productName = DrinkWaterUITests;
			productReference = DAE7BA1023E9CB090049AD37 /* DrinkWaterUITests.xctest */;
			productType = "com.apple.product-type.bundle.ui-testing";
		};
/* End PBXNativeTarget section */

/* Begin PBXProject section */
		DAE7B9E723E9CB070049AD37 /* Project object */ = {
			isa = PBXProject;
			attributes = {
				LastSwiftUpdateCheck = 1130;
				LastUpgradeCheck = 1130;
				ORGANIZATIONNAME = "Radu Albastroiu";
				TargetAttributes = {
					DAE7B9EE23E9CB070049AD37 = {
						CreatedOnToolsVersion = 11.3.1;
					};
					DAE7BA0423E9CB090049AD37 = {
						CreatedOnToolsVersion = 11.3.1;
						TestTargetID = DAE7B9EE23E9CB070049AD37;
					};
					DAE7BA0F23E9CB090049AD37 = {
						CreatedOnToolsVersion = 11.3.1;
						TestTargetID = DAE7B9EE23E9CB070049AD37;
					};
				};
			};
			buildConfigurationList = DAE7B9EA23E9CB070049AD37 /* Build configuration list for PBXProject "DrinkWater" */;
			compatibilityVersion = "Xcode 9.3";
			developmentRegion = en;
			hasScannedForEncodings = 0;
			knownRegions = (
				en,
				Base,
			);
			mainGroup = DAE7B9E623E9CB070049AD37;
			productRefGroup = DAE7B9F023E9CB070049AD37 /* Products */;
			projectDirPath = "";
			projectRoot = "";
			targets = (
				DAE7B9EE23E9CB070049AD37 /* DrinkWater */,
				DAE7BA0423E9CB090049AD37 /* DrinkWaterTests */,
				DAE7BA0F23E9CB090049AD37 /* DrinkWaterUITests */,
			);
		};
/* End PBXProject section */

/* Begin PBXResourcesBuildPhase section */
		DAE7B9ED23E9CB070049AD37 /* Resources */ = {
			isa = PBXResourcesBuildPhase;
			buildActionMask = 2147483647;
			files = (
				DAE7B9FF23E9CB090049AD37 /* LaunchScreen.storyboard in Resources */,
				DAE7B9FC23E9CB090049AD37 /* Preview Assets.xcassets in Resources */,
				DAE7B9F923E9CB090049AD37 /* Assets.xcassets in Resources */,
			);
			runOnlyForDeploymentPostprocessing = 0;
		};
		DAE7BA0323E9CB090049AD37 /* Resources */ = {
			isa = PBXResourcesBuildPhase;
			buildActionMask = 2147483647;
			files = (
			);
			runOnlyForDeploymentPostprocessing = 0;
		};
		DAE7BA0E23E9CB090049AD37 /* Resources */ = {
			isa = PBXResourcesBuildPhase;
			buildActionMask = 2147483647;
			files = (
			);
			runOnlyForDeploymentPostprocessing = 0;
		};
/* End PBXResourcesBuildPhase section */

/* Begin PBXSourcesBuildPhase section */
		DAE7B9EB23E9CB070049AD37 /* Sources */ = {
			isa = PBXSourcesBuildPhase;
			buildActionMask = 2147483647;
			files = (
				DAE7B9F323E9CB070049AD37 /* AppDelegate.swift in Sources */,
				DAE7BA2523E9F2800049AD37 /* CircleImage.swift in Sources */,
				DAE7B9F523E9CB070049AD37 /* SceneDelegate.swift in Sources */,
				DAE7B9F723E9CB070049AD37 /* ContentView.swift in Sources */,
			);
			runOnlyForDeploymentPostprocessing = 0;
		};
		DAE7BA0123E9CB090049AD37 /* Sources */ = {
			isa = PBXSourcesBuildPhase;
			buildActionMask = 2147483647;
			files = (
				DAE7BA0A23E9CB090049AD37 /* DrinkWaterTests.swift in Sources */,
			);
			runOnlyForDeploymentPostprocessing = 0;
		};
		DAE7BA0C23E9CB090049AD37 /* Sources */ = {
			isa = PBXSourcesBuildPhase;
			buildActionMask = 2147483647;
			files = (
				DAE7BA1523E9CB090049AD37 /* DrinkWaterUITests.swift in Sources */,
			);
			runOnlyForDeploymentPostprocessing = 0;
		};
/* End PBXSourcesBuildPhase section */

/* Begin PBXTargetDependency section */
		DAE7BA0723E9CB090049AD37 /* PBXTargetDependency */ = {
			isa = PBXTargetDependency;
			target = DAE7B9EE23E9CB070049AD37 /* DrinkWater */;
			targetProxy = DAE7BA0623E9CB090049AD37 /* PBXContainerItemProxy */;
		};
		DAE7BA1223E9CB090049AD37 /* PBXTargetDependency */ = {
			isa = PBXTargetDependency;
			target = DAE7B9EE23E9CB070049AD37 /* DrinkWater */;
			targetProxy = DAE7BA1123E9CB090049AD37 /* PBXContainerItemProxy */;
		};
/* End PBXTargetDependency section */

/* Begin PBXVariantGroup section */
		DAE7B9FD23E9CB090049AD37 /* LaunchScreen.storyboard */ = {
			isa = PBXVariantGroup;
			children = (
				DAE7B9FE23E9CB090049AD37 /* Base */,
			);
			name = LaunchScreen.storyboard;
			sourceTree = "<group>";
		};
/* End PBXVariantGroup section */

/* Begin XCBuildConfiguration section */
		DAE7BA1723E9CB090049AD37 /* Debug */ = {
			isa = XCBuildConfiguration;
			buildSettings = {
				ALWAYS_SEARCH_USER_PATHS = NO;
				CLANG_ANALYZER_NONNULL = YES;
				CLANG_ANALYZER_NUMBER_OBJECT_CONVERSION = YES_AGGRESSIVE;
				CLANG_CXX_LANGUAGE_STANDARD = "gnu++14";
				CLANG_CXX_LIBRARY = "libc++";
				CLANG_ENABLE_MODULES = YES;
				CLANG_ENABLE_OBJC_ARC = YES;
				CLANG_ENABLE_OBJC_WEAK = YES;
				CLANG_WARN_BLOCK_CAPTURE_AUTORELEASING = YES;
				CLANG_WARN_BOOL_CONVERSION = YES;
				CLANG_WARN_COMMA = YES;
				CLANG_WARN_CONSTANT_CONVERSION = YES;
				CLANG_WARN_DEPRECATED_OBJC_IMPLEMENTATIONS = YES;
				CLANG_WARN_DIRECT_OBJC_ISA_USAGE = YES_ERROR;
				CLANG_WARN_DOCUMENTATION_COMMENTS = YES;
				CLANG_WARN_EMPTY_BODY = YES;
				CLANG_WARN_ENUM_CONVERSION = YES;
				CLANG_WARN_INFINITE_RECURSION = YES;
				CLANG_WARN_INT_CONVERSION = YES;
				CLANG_WARN_NON_LITERAL_NULL_CONVERSION = YES;
				CLANG_WARN_OBJC_IMPLICIT_RETAIN_SELF = YES;
				CLANG_WARN_OBJC_LITERAL_CONVERSION = YES;
				CLANG_WARN_OBJC_ROOT_CLASS = YES_ERROR;
				CLANG_WARN_RANGE_LOOP_ANALYSIS = YES;
				CLANG_WARN_STRICT_PROTOTYPES = YES;
				CLANG_WARN_SUSPICIOUS_MOVE = YES;
				CLANG_WARN_UNGUARDED_AVAILABILITY = YES_AGGRESSIVE;
				CLANG_WARN_UNREACHABLE_CODE = YES;
				CLANG_WARN__DUPLICATE_METHOD_MATCH = YES;
				COPY_PHASE_STRIP = NO;
				DEBUG_INFORMATION_FORMAT = dwarf;
				ENABLE_STRICT_OBJC_MSGSEND = YES;
				ENABLE_TESTABILITY = YES;
				GCC_C_LANGUAGE_STANDARD = gnu11;
				GCC_DYNAMIC_NO_PIC = NO;
				GCC_NO_COMMON_BLOCKS = YES;
				GCC_OPTIMIZATION_LEVEL = 0;
				GCC_PREPROCESSOR_DEFINITIONS = (
					"DEBUG=1",
					"$(inherited)",
				);
				GCC_WARN_64_TO_32_BIT_CONVERSION = YES;
				GCC_WARN_ABOUT_RETURN_TYPE = YES_ERROR;
				GCC_WARN_UNDECLARED_SELECTOR = YES;
				GCC_WARN_UNINITIALIZED_AUTOS = YES_AGGRESSIVE;
				GCC_WARN_UNUSED_FUNCTION = YES;
				GCC_WARN_UNUSED_VARIABLE = YES;
				IPHONEOS_DEPLOYMENT_TARGET = 13.2;
				MTL_ENABLE_DEBUG_INFO = INCLUDE_SOURCE;
				MTL_FAST_MATH = YES;
				ONLY_ACTIVE_ARCH = YES;
				SDKROOT = iphoneos;
				SWIFT_ACTIVE_COMPILATION_CONDITIONS = DEBUG;
				SWIFT_OPTIMIZATION_LEVEL = "-Onone";
			};
			name = Debug;
		};
		DAE7BA1823E9CB090049AD37 /* Release */ = {
			isa = XCBuildConfiguration;
			buildSettings = {
				ALWAYS_SEARCH_USER_PATHS = NO;
				CLANG_ANALYZER_NONNULL = YES;
				CLANG_ANALYZER_NUMBER_OBJECT_CONVERSION = YES_AGGRESSIVE;
				CLANG_CXX_LANGUAGE_STANDARD = "gnu++14";
				CLANG_CXX_LIBRARY = "libc++";
				CLANG_ENABLE_MODULES = YES;
				CLANG_ENABLE_OBJC_ARC = YES;
				CLANG_ENABLE_OBJC_WEAK = YES;
				CLANG_WARN_BLOCK_CAPTURE_AUTORELEASING = YES;
				CLANG_WARN_BOOL_CONVERSION = YES;
				CLANG_WARN_COMMA = YES;
				CLANG_WARN_CONSTANT_CONVERSION = YES;
				CLANG_WARN_DEPRECATED_OBJC_IMPLEMENTATIONS = YES;
				CLANG_WARN_DIRECT_OBJC_ISA_USAGE = YES_ERROR;
				CLANG_WARN_DOCUMENTATION_COMMENTS = YES;
				CLANG_WARN_EMPTY_BODY = YES;
				CLANG_WARN_ENUM_CONVERSION = YES;
				CLANG_WARN_INFINITE_RECURSION = YES;
				CLANG_WARN_INT_CONVERSION = YES;
				CLANG_WARN_NON_LITERAL_NULL_CONVERSION = YES;
				CLANG_WARN_OBJC_IMPLICIT_RETAIN_SELF = YES;
				CLANG_WARN_OBJC_LITERAL_CONVERSION = YES;
				CLANG_WARN_OBJC_ROOT_CLASS = YES_ERROR;
				CLANG_WARN_RANGE_LOOP_ANALYSIS = YES;
				CLANG_WARN_STRICT_PROTOTYPES = YES;
				CLANG_WARN_SUSPICIOUS_MOVE = YES;
				CLANG_WARN_UNGUARDED_AVAILABILITY = YES_AGGRESSIVE;
				CLANG_WARN_UNREACHABLE_CODE = YES;
				CLANG_WARN__DUPLICATE_METHOD_MATCH = YES;
				COPY_PHASE_STRIP = NO;
				DEBUG_INFORMATION_FORMAT = "dwarf-with-dsym";
				ENABLE_NS_ASSERTIONS = NO;
				ENABLE_STRICT_OBJC_MSGSEND = YES;
				GCC_C_LANGUAGE_STANDARD = gnu11;
				GCC_NO_COMMON_BLOCKS = YES;
				GCC_WARN_64_TO_32_BIT_CONVERSION = YES;
				GCC_WARN_ABOUT_RETURN_TYPE = YES_ERROR;
				GCC_WARN_UNDECLARED_SELECTOR = YES;
				GCC_WARN_UNINITIALIZED_AUTOS = YES_AGGRESSIVE;
				GCC_WARN_UNUSED_FUNCTION = YES;
				GCC_WARN_UNUSED_VARIABLE = YES;
				IPHONEOS_DEPLOYMENT_TARGET = 13.2;
				MTL_ENABLE_DEBUG_INFO = NO;
				MTL_FAST_MATH = YES;
				SDKROOT = iphoneos;
				SWIFT_COMPILATION_MODE = wholemodule;
				SWIFT_OPTIMIZATION_LEVEL = "-O";
				VALIDATE_PRODUCT = YES;
			};
			name = Release;
		};
		DAE7BA1A23E9CB090049AD37 /* Debug */ = {
			isa = XCBuildConfiguration;
			buildSettings = {
				ASSETCATALOG_COMPILER_APPICON_NAME = AppIcon;
				CODE_SIGN_STYLE = Automatic;
				DEVELOPMENT_ASSET_PATHS = "\"DrinkWater/Preview Content\"";
				DEVELOPMENT_TEAM = C3AWL2X8CT;
				ENABLE_PREVIEWS = YES;
				INFOPLIST_FILE = DrinkWater/Info.plist;
				LD_RUNPATH_SEARCH_PATHS = (
					"$(inherited)",
					"@executable_path/Frameworks",
				);
				PRODUCT_BUNDLE_IDENTIFIER = com.Ducu.DrinkWater;
				PRODUCT_NAME = "$(TARGET_NAME)";
				SWIFT_VERSION = 5.0;
				TARGETED_DEVICE_FAMILY = "1,2";
			};
			name = Debug;
		};
		DAE7BA1B23E9CB090049AD37 /* Release */ = {
			isa = XCBuildConfiguration;
			buildSettings = {
				ASSETCATALOG_COMPILER_APPICON_NAME = AppIcon;
				CODE_SIGN_STYLE = Automatic;
				DEVELOPMENT_ASSET_PATHS = "\"DrinkWater/Preview Content\"";
				DEVELOPMENT_TEAM = C3AWL2X8CT;
				ENABLE_PREVIEWS = YES;
				INFOPLIST_FILE = DrinkWater/Info.plist;
				LD_RUNPATH_SEARCH_PATHS = (
					"$(inherited)",
					"@executable_path/Frameworks",
				);
				PRODUCT_BUNDLE_IDENTIFIER = com.Ducu.DrinkWater;
				PRODUCT_NAME = "$(TARGET_NAME)";
				SWIFT_VERSION = 5.0;
				TARGETED_DEVICE_FAMILY = "1,2";
			};
			name = Release;
		};
		DAE7BA1D23E9CB090049AD37 /* Debug */ = {
			isa = XCBuildConfiguration;
			buildSettings = {
				ALWAYS_EMBED_SWIFT_STANDARD_LIBRARIES = YES;
				BUNDLE_LOADER = "$(TEST_HOST)";
				CODE_SIGN_STYLE = Automatic;
				DEVELOPMENT_TEAM = C3AWL2X8CT;
				INFOPLIST_FILE = DrinkWaterTests/Info.plist;
				IPHONEOS_DEPLOYMENT_TARGET = 13.2;
				LD_RUNPATH_SEARCH_PATHS = (
					"$(inherited)",
					"@executable_path/Frameworks",
					"@loader_path/Frameworks",
				);
				PRODUCT_BUNDLE_IDENTIFIER = com.Ducu.DrinkWaterTests;
				PRODUCT_NAME = "$(TARGET_NAME)";
				SWIFT_VERSION = 5.0;
				TARGETED_DEVICE_FAMILY = "1,2";
				TEST_HOST = "$(BUILT_PRODUCTS_DIR)/DrinkWater.app/DrinkWater";
			};
			name = Debug;
		};
		DAE7BA1E23E9CB090049AD37 /* Release */ = {
			isa = XCBuildConfiguration;
			buildSettings = {
				ALWAYS_EMBED_SWIFT_STANDARD_LIBRARIES = YES;
				BUNDLE_LOADER = "$(TEST_HOST)";
				CODE_SIGN_STYLE = Automatic;
				DEVELOPMENT_TEAM = C3AWL2X8CT;
				INFOPLIST_FILE = DrinkWaterTests/Info.plist;
				IPHONEOS_DEPLOYMENT_TARGET = 13.2;
				LD_RUNPATH_SEARCH_PATHS = (
					"$(inherited)",
					"@executable_path/Frameworks",
					"@loader_path/Frameworks",
				);
				PRODUCT_BUNDLE_IDENTIFIER = com.Ducu.DrinkWaterTests;
				PRODUCT_NAME = "$(TARGET_NAME)";
				SWIFT_VERSION = 5.0;
				TARGETED_DEVICE_FAMILY = "1,2";
				TEST_HOST = "$(BUILT_PRODUCTS_DIR)/DrinkWater.app/DrinkWater";
			};
			name = Release;
		};
		DAE7BA2023E9CB090049AD37 /* Debug */ = {
			isa = XCBuildConfiguration;
			buildSettings = {
				ALWAYS_EMBED_SWIFT_STANDARD_LIBRARIES = YES;
				CODE_SIGN_STYLE = Automatic;
				DEVELOPMENT_TEAM = C3AWL2X8CT;
				INFOPLIST_FILE = DrinkWaterUITests/Info.plist;
				LD_RUNPATH_SEARCH_PATHS = (
					"$(inherited)",
					"@executable_path/Frameworks",
					"@loader_path/Frameworks",
				);
				PRODUCT_BUNDLE_IDENTIFIER = com.Ducu.DrinkWaterUITests;
				PRODUCT_NAME = "$(TARGET_NAME)";
				SWIFT_VERSION = 5.0;
				TARGETED_DEVICE_FAMILY = "1,2";
				TEST_TARGET_NAME = DrinkWater;
			};
			name = Debug;
		};
		DAE7BA2123E9CB090049AD37 /* Release */ = {
			isa = XCBuildConfiguration;
			buildSettings = {
				ALWAYS_EMBED_SWIFT_STANDARD_LIBRARIES = YES;
				CODE_SIGN_STYLE = Automatic;
				DEVELOPMENT_TEAM = C3AWL2X8CT;
				INFOPLIST_FILE = DrinkWaterUITests/Info.plist;
				LD_RUNPATH_SEARCH_PATHS = (
					"$(inherited)",
					"@executable_path/Frameworks",
					"@loader_path/Frameworks",
				);
				PRODUCT_BUNDLE_IDENTIFIER = com.Ducu.DrinkWaterUITests;
				PRODUCT_NAME = "$(TARGET_NAME)";
				SWIFT_VERSION = 5.0;
				TARGETED_DEVICE_FAMILY = "1,2";
				TEST_TARGET_NAME = DrinkWater;
			};
			name = Release;
		};
/* End XCBuildConfiguration section */

/* Begin XCConfigurationList section */
		DAE7B9EA23E9CB070049AD37 /* Build configuration list for PBXProject "DrinkWater" */ = {
			isa = XCConfigurationList;
			buildConfigurations = (
				DAE7BA1723E9CB090049AD37 /* Debug */,
				DAE7BA1823E9CB090049AD37 /* Release */,
			);
			defaultConfigurationIsVisible = 0;
			defaultConfigurationName = Release;
		};
		DAE7BA1923E9CB090049AD37 /* Build configuration list for PBXNativeTarget "DrinkWater" */ = {
			isa = XCConfigurationList;
			buildConfigurations = (
				DAE7BA1A23E9CB090049AD37 /* Debug */,
				DAE7BA1B23E9CB090049AD37 /* Release */,
			);
			defaultConfigurationIsVisible = 0;
			defaultConfigurationName = Release;
		};
		DAE7BA1C23E9CB090049AD37 /* Build configuration list for PBXNativeTarget "DrinkWaterTests" */ = {
			isa = XCConfigurationList;
			buildConfigurations = (
				DAE7BA1D23E9CB090049AD37 /* Debug */,
				DAE7BA1E23E9CB090049AD37 /* Release */,
			);
			defaultConfigurationIsVisible = 0;
			defaultConfigurationName = Release;
		};
		DAE7BA1F23E9CB090049AD37 /* Build configuration list for PBXNativeTarget "DrinkWaterUITests" */ = {
			isa = XCConfigurationList;
			buildConfigurations = (
				DAE7BA2023E9CB090049AD37 /* Debug */,
				DAE7BA2123E9CB090049AD37 /* Release */,
			);
			defaultConfigurationIsVisible = 0;
			defaultConfigurationName = Release;
		};
/* End XCConfigurationList section */
	};
	rootObject = DAE7B9E723E9CB070049AD37 /* Project object */;
}
